
Microsoft Visual Studio Solution File, Format Version 12.00
# Visual Studio 15
VisualStudioVersion = 15.0.28307.757
MinimumVisualStudioVersion = 10.0.40219.1
Project("{FAE04EC0-301F-11D3-BF4B-00C04F79EFBC}") = "Lletres", "Lletres\Lletres.csproj", "{0CC278AE-1FD6-44A4-A313-2C44BFC417DF}"
EndProject
Global
	GlobalSection(SolutionConfigurationPlatforms) = preSolution
		Debug|Any CPU = Debug|Any CPU
		Release|Any CPU = Release|Any CPU
	EndGlobalSection
	GlobalSection(ProjectConfigurationPlatforms) = postSolution
		{0CC278AE-1FD6-44A4-A313-2C44BFC417DF}.Debug|Any CPU.ActiveCfg = Debug|Any CPU
		{0CC278AE-1FD6-44A4-A313-2C44BFC417DF}.Debug|Any CPU.Build.0 = Debug|Any CPU
		{0CC278AE-1FD6-44A4-A313-2C44BFC417DF}.Release|Any CPU.ActiveCfg = Release|Any CPU
		{0CC278AE-1FD6-44A4-A313-2C44BFC417DF}.Release|Any CPU.Build.0 = Release|Any CPU
	EndGlobalSection
	GlobalSection(SolutionProperties) = preSolution
		HideSolutionNode = FALSE
	EndGlobalSection
	GlobalSection(ExtensibilityGlobals) = postSolution
		SolutionGuid = {4E2DC80E-5C8C-4FE6-89D5-11EB89207B0C}
	EndGlobalSection
EndGlobal
